example.invalid/graphdep v1.0.0 h1:MV22kbWHCCNKQka+mzjD86KeoPb885fBaZ4a896bV3A=
example.invalid/graphdep v1.0.0/go.mod h1:jelpZu3wlFR7ATUtS72jf2jHXq/MBjPPapT73K+BS3k=
example.invalid/graphdep v1.2.0 h1:+F4OsYlKqpxeQprvuah3EAka+EJ/avetYx2tnpabn9g=
example.invalid/graphdep v1.2.0/go.mod h1:jelpZu3wlFR7ATUtS72jf2jHXq/MBjPPapT73K+BS3k=
